
Microsoft Visual Studio Solution File, Format Version 12.00
# Visual Studio Version 17
VisualStudioVersion = 17.1.32319.34
MinimumVisualStudioVersion = 10.0.40219.1
Project("{9A19103F-16F7-4668-BE54-9A1E7A4F7556}") = "ClassLibrary1", "ClassLibrary1\ClassLibrary1.csproj", "{CE002578-D25E-48BF-9D08-72E934295FC7}"
EndProject
Project("{9A19103F-16F7-4668-BE54-9A1E7A4F7556}") = "TestProject1", "..\TestProject1\TestProject1.csproj", "{8146685E-6F24-42D3-922A-E541489412BF}"
EndProject
Project("{FAE04EC0-301F-11D3-BF4B-00C04F79EFBC}") = "Presentation", "Presentation\Presentation.csproj", "{6C5DB752-9B3E-44C4-AD55-EA684162DDAC}"
EndProject
Global
	GlobalSection(SolutionConfigurationPlatforms) = preSolution
		Debug|Any CPU = Debug|Any CPU
		Release|Any CPU = Release|Any CPU
	EndGlobalSection
	GlobalSection(ProjectConfigurationPlatforms) = postSolution
		{CE002578-D25E-48BF-9D08-72E934295FC7}.Debug|Any CPU.ActiveCfg = Debug|Any CPU
		{CE002578-D25E-48BF-9D08-72E934295FC7}.Debug|Any CPU.Build.0 = Debug|Any CPU
		{CE002578-D25E-48BF-9D08-72E934295FC7}.Release|Any CPU.ActiveCfg = Release|Any CPU
		{CE002578-D25E-48BF-9D08-72E934295FC7}.Release|Any CPU.Build.0 = Release|Any CPU
		{8146685E-6F24-42D3-922A-E541489412BF}.Debug|Any CPU.ActiveCfg = Debug|Any CPU
		{8146685E-6F24-42D3-922A-E541489412BF}.Debug|Any CPU.Build.0 = Debug|Any CPU
		{8146685E-6F24-42D3-922A-E541489412BF}.Release|Any CPU.ActiveCfg = Release|Any CPU
		{8146685E-6F24-42D3-922A-E541489412BF}.Release|Any CPU.Build.0 = Release|Any CPU
		{6C5DB752-9B3E-44C4-AD55-EA684162DDAC}.Debug|Any CPU.ActiveCfg = Debug|Any CPU
		{6C5DB752-9B3E-44C4-AD55-EA684162DDAC}.Debug|Any CPU.Build.0 = Debug|Any CPU
		{6C5DB752-9B3E-44C4-AD55-EA684162DDAC}.Release|Any CPU.ActiveCfg = Release|Any CPU
		{6C5DB752-9B3E-44C4-AD55-EA684162DDAC}.Release|Any CPU.Build.0 = Release|Any CPU
	EndGlobalSection
	GlobalSection(SolutionProperties) = preSolution
		HideSolutionNode = FALSE
	EndGlobalSection
	GlobalSection(ExtensibilityGlobals) = postSolution
		SolutionGuid = {5F26E5EA-62E7-41B2-BCCC-8EB5B04E7FA5}
	EndGlobalSection
EndGlobal
